<?xml version="1.0" encoding="utf-8"?>
<Project ToolsVersion="4.0" xmlns="http://schemas.microsoft.com/developer/msbuild/2003">
  <ItemGroup>
    <Filter Include="Source Files">
      <UniqueIdentifier>{4FC737F1-C7A5-4376-A066-2A32D752A2FF}</UniqueIdentifier>
      <Extensions>cpp;c;cc;cxx;c++;cppm;ixx;def;odl;idl;hpj;bat;asm;asmx</Extensions>
    </Filter>
    <Filter Include="Header Files">
      <UniqueIdentifier>{93995380-89BD-4b04-88EB-625FBE52EBFB}</UniqueIdentifier>
      <Extensions>h;hh;hpp;hxx;h++;hm;inl;inc;ipp;xsd</Extensions>
    </Filter>
    <Filter Include="Resource Files">
      <UniqueIdentifier>{67DA6AB6-F800-4c08-8B7A-83BB121AAD01}</UniqueIdentifier>
      <Extensions>rc;ico;cur;bmp;dlg;rc2;rct;bin;rgs;gif;jpg;jpeg;jpe;resx;tiff;tif;png;wav;mfcribbon-ms</Extensions>
    </Filter>
  </ItemGroup>
  <ItemGroup>
    <ClCompile Include="MyForm.cpp">
      <Filter>Source Files</Filter>
    </ClCompile>
    <ClCompile Include="H.cpp">
      <Filter>Source Files</Filter>
    </ClCompile>
    <ClCompile Include="Liti.cpp">
      <Filter>Source Files</Filter>
    </ClCompile>
    <ClCompile Include="Natri.cpp">
      <Filter>Source Files</Filter>
    </ClCompile>
    <ClCompile Include="Kali.cpp">
      <Filter>Source Files</Filter>
    </ClCompile>
    <ClCompile Include="Rb.cpp">
      <Filter>Source Files</Filter>
    </ClCompile>
    <ClCompile Include="CS.cpp">
      <Filter>Source Files</Filter>
    </ClCompile>
    <ClCompile Include="Fr.cpp">
      <Filter>Source Files</Filter>
    </ClCompile>
    <ClCompile Include="Be.cpp">
      <Filter>Source Files</Filter>
    </ClCompile>
    <ClCompile Include="Mg.cpp">
      <Filter>Source Files</Filter>
    </ClCompile>
    <ClCompile Include="Ca.cpp">
      <Filter>Source Files</Filter>
    </ClCompile>
    <ClCompile Include="Sr.cpp">
      <Filter>Source Files</Filter>
    </ClCompile>
    <ClCompile Include="Ba.cpp">
      <Filter>Source Files</Filter>
    </ClCompile>
    <ClCompile Include="Ra.cpp">
      <Filter>Source Files</Filter>
    </ClCompile>
    <ClCompile Include="Sc.cpp">
      <Filter>Source Files</Filter>
    </ClCompile>
    <ClCompile Include="Y.cpp">
      <Filter>Source Files</Filter>
    </ClCompile>
    <ClCompile Include="La.cpp">
      <Filter>Source Files</Filter>
    </ClCompile>
    <ClCompile Include="Ac.cpp">
      <Filter>Source Files</Filter>
    </ClCompile>
    <ClCompile Include="Ti.cpp">
      <Filter>Source Files</Filter>
    </ClCompile>
    <ClCompile Include="Zr.cpp">
      <Filter>Source Files</Filter>
    </ClCompile>
    <ClCompile Include="Hf.cpp">
      <Filter>Source Files</Filter>
    </ClCompile>
    <ClCompile Include="Rf.cpp">
      <Filter>Source Files</Filter>
    </ClCompile>
    <ClCompile Include="V.cpp">
      <Filter>Source Files</Filter>
    </ClCompile>
    <ClCompile Include="Nb.cpp">
      <Filter>Source Files</Filter>
    </ClCompile>
    <ClCompile Include="Ta.cpp">
      <Filter>Source Files</Filter>
    </ClCompile>
    <ClCompile Include="Db.cpp">
      <Filter>Source Files</Filter>
    </ClCompile>
    <ClCompile Include="Cr.cpp">
      <Filter>Source Files</Filter>
    </ClCompile>
    <ClCompile Include="Mo.cpp">
      <Filter>Source Files</Filter>
    </ClCompile>
    <ClCompile Include="W.cpp">
      <Filter>Source Files</Filter>
    </ClCompile>
    <ClCompile Include="Sg.cpp">
      <Filter>Source Files</Filter>
    </ClCompile>
    <ClCompile Include="Mn.cpp">
      <Filter>Source Files</Filter>
    </ClCompile>
    <ClCompile Include="Tc.cpp">
      <Filter>Source Files</Filter>
    </ClCompile>
    <ClCompile Include="Re.cpp">
      <Filter>Source Files</Filter>
    </ClCompile>
    <ClCompile Include="Bh.cpp">
      <Filter>Source Files</Filter>
    </ClCompile>
    <ClCompile Include="Fe.cpp">
      <Filter>Source Files</Filter>
    </ClCompile>
    <ClCompile Include="Ru.cpp">
      <Filter>Source Files</Filter>
    </ClCompile>
    <ClCompile Include="Os.cpp">
      <Filter>Source Files</Filter>
    </ClCompile>
    <ClCompile Include="Hs.cpp">
      <Filter>Source Files</Filter>
    </ClCompile>
    <ClCompile Include="Co.cpp">
      <Filter>Source Files</Filter>
    </ClCompile>
    <ClCompile Include="Rh.cpp">
      <Filter>Source Files</Filter>
    </ClCompile>
    <ClCompile Include="Ir.cpp">
      <Filter>Source Files</Filter>
    </ClCompile>
    <ClCompile Include="Mt.cpp">
      <Filter>Source Files</Filter>
    </ClCompile>
    <ClCompile Include="Ni.cpp">
      <Filter>Source Files</Filter>
    </ClCompile>
    <ClCompile Include="Pd.cpp">
      <Filter>Source Files</Filter>
    </ClCompile>
    <ClCompile Include="Pt.cpp">
      <Filter>Source Files</Filter>
    </ClCompile>
    <ClCompile Include="Ds.cpp">
      <Filter>Source Files</Filter>
    </ClCompile>
    <ClCompile Include="Cu.cpp">
      <Filter>Source Files</Filter>
    </ClCompile>
    <ClCompile Include="Ag.cpp">
      <Filter>Source Files</Filter>
    </ClCompile>
    <ClCompile Include="Au.cpp">
      <Filter>Source Files</Filter>
    </ClCompile>
    <ClCompile Include="Rg.cpp">
      <Filter>Source Files</Filter>
    </ClCompile>
    <ClCompile Include="Zn.cpp">
      <Filter>Source Files</Filter>
    </ClCompile>
    <ClCompile Include="Cd.cpp">
      <Filter>Source Files</Filter>
    </ClCompile>
    <ClCompile Include="Hg.cpp">
      <Filter>Source Files</Filter>
    </ClCompile>
    <ClCompile Include="Cn.cpp">
      <Filter>Source Files</Filter>
    </ClCompile>
    <ClCompile Include="B.cpp">
      <Filter>Source Files</Filter>
    </ClCompile>
    <ClCompile Include="Al.cpp">
      <Filter>Source Files</Filter>
    </ClCompile>
    <ClCompile Include="Ga.cpp">
      <Filter>Source Files</Filter>
    </ClCompile>
    <ClCompile Include="In.cpp">
      <Filter>Source Files</Filter>
    </ClCompile>
    <ClCompile Include="Nh.cpp">
      <Filter>Source Files</Filter>
    </ClCompile>
    <ClCompile Include="C.cpp">
      <Filter>Source Files</Filter>
    </ClCompile>
    <ClCompile Include="Si.cpp">
      <Filter>Source Files</Filter>
    </ClCompile>
    <ClCompile Include="Ge.cpp">
      <Filter>Source Files</Filter>
    </ClCompile>
    <ClCompile Include="Sn.cpp">
      <Filter>Source Files</Filter>
    </ClCompile>
    <ClCompile Include="Pb.cpp">
      <Filter>Source Files</Filter>
    </ClCompile>
    <ClCompile Include="Fl.cpp">
      <Filter>Source Files</Filter>
    </ClCompile>
    <ClCompile Include="N.cpp">
      <Filter>Source Files</Filter>
    </ClCompile>
    <ClCompile Include="P.cpp">
      <Filter>Source Files</Filter>
    </ClCompile>
    <ClCompile Include="As.cpp">
      <Filter>Source Files</Filter>
    </ClCompile>
    <ClCompile Include="Sb.cpp">
      <Filter>Source Files</Filter>
    </ClCompile>
    <ClCompile Include="Bi.cpp">
      <Filter>Source Files</Filter>
    </ClCompile>
    <ClCompile Include="Mc.cpp">
      <Filter>Source Files</Filter>
    </ClCompile>
    <ClCompile Include="O.cpp">
      <Filter>Source Files</Filter>
    </ClCompile>
    <ClCompile Include="S.cpp">
      <Filter>Source Files</Filter>
    </ClCompile>
    <ClCompile Include="Se.cpp">
      <Filter>Source Files</Filter>
    </ClCompile>
    <ClCompile Include="Te.cpp">
      <Filter>Source Files</Filter>
    </ClCompile>
    <ClCompile Include="Po.cpp">
      <Filter>Source Files</Filter>
    </ClCompile>
    <ClCompile Include="Lv.cpp">
      <Filter>Source Files</Filter>
    </ClCompile>
    <ClCompile Include="F.cpp">
      <Filter>Source Files</Filter>
    </ClCompile>
    <ClCompile Include="Cl.cpp">
      <Filter>Source Files</Filter>
    </ClCompile>
    <ClCompile Include="Br.cpp">
      <Filter>Source Files</Filter>
    </ClCompile>
    <ClCompile Include="I.cpp">
      <Filter>Source Files</Filter>
    </ClCompile>
    <ClCompile Include="At.cpp">
      <Filter>Source Files</Filter>
    </ClCompile>
    <ClCompile Include="Ts.cpp">
      <Filter>Source Files</Filter>
    </ClCompile>
    <ClCompile Include="He.cpp">
      <Filter>Source Files</Filter>
    </ClCompile>
    <ClCompile Include="Ne.cpp">
      <Filter>Source Files</Filter>
    </ClCompile>
    <ClCompile Include="Ar.cpp">
      <Filter>Source Files</Filter>
    </ClCompile>
    <ClCompile Include="Kr.cpp">
      <Filter>Source Files</Filter>
    </ClCompile>
    <ClCompile Include="Xe.cpp">
      <Filter>Source Files</Filter>
    </ClCompile>
    <ClCompile Include="Rn.cpp">
      <Filter>Source Files</Filter>
    </ClCompile>
    <ClCompile Include="Og.cpp">
      <Filter>Source Files</Filter>
    </ClCompile>
    <ClCompile Include="Ce.cpp">
      <Filter>Source Files</Filter>
    </ClCompile>
    <ClCompile Include="Pr.cpp">
      <Filter>Source Files</Filter>
    </ClCompile>
    <ClCompile Include="Nd.cpp">
      <Filter>Source Files</Filter>
    </ClCompile>
    <ClCompile Include="Pm.cpp">
      <Filter>Source Files</Filter>
    </ClCompile>
    <ClCompile Include="Sm.cpp">
      <Filter>Source Files</Filter>
    </ClCompile>
    <ClCompile Include="Eu.cpp">
      <Filter>Source Files</Filter>
    </ClCompile>
    <ClCompile Include="Gd.cpp">
      <Filter>Source Files</Filter>
    </ClCompile>
    <ClCompile Include="Tb.cpp">
      <Filter>Source Files</Filter>
    </ClCompile>
    <ClCompile Include="Dy.cpp">
      <Filter>Source Files</Filter>
    </ClCompile>
    <ClCompile Include="Ho.cpp">
      <Filter>Source Files</Filter>
    </ClCompile>
    <ClCompile Include="Er.cpp">
      <Filter>Source Files</Filter>
    </ClCompile>
    <ClCompile Include="Tm.cpp">
      <Filter>Source Files</Filter>
    </ClCompile>
    <ClCompile Include="Yb.cpp">
      <Filter>Source Files</Filter>
    </ClCompile>
    <ClCompile Include="Lu.cpp">
      <Filter>Source Files</Filter>
    </ClCompile>
    <ClCompile Include="Th.cpp">
      <Filter>Source Files</Filter>
    </ClCompile>
    <ClCompile Include="Pa.cpp">
      <Filter>Source Files</Filter>
    </ClCompile>
    <ClCompile Include="U.cpp">
      <Filter>Source Files</Filter>
    </ClCompile>
    <ClCompile Include="Np.cpp">
      <Filter>Source Files</Filter>
    </ClCompile>
    <ClCompile Include="Pu.cpp">
      <Filter>Source Files</Filter>
    </ClCompile>
    <ClCompile Include="Am.cpp">
      <Filter>Source Files</Filter>
    </ClCompile>
    <ClCompile Include="Cm.cpp">
      <Filter>Source Files</Filter>
    </ClCompile>
    <ClCompile Include="Bk.cpp">
      <Filter>Source Files</Filter>
    </ClCompile>
    <ClCompile Include="Cf.cpp">
      <Filter>Source Files</Filter>
    </ClCompile>
    <ClCompile Include="Es.cpp">
      <Filter>Source Files</Filter>
    </ClCompile>
    <ClCompile Include="Fm.cpp">
      <Filter>Source Files</Filter>
    </ClCompile>
    <ClCompile Include="Md.cpp">
      <Filter>Source Files</Filter>
    </ClCompile>
    <ClCompile Include="No.cpp">
      <Filter>Source Files</Filter>
    </ClCompile>
    <ClCompile Include="Lr.cpp">
      <Filter>Source Files</Filter>
    </ClCompile>
    <ClCompile Include="Tl.cpp">
      <Filter>Source Files</Filter>
    </ClCompile>
  </ItemGroup>
  <ItemGroup>
    <ClInclude Include="Elements_Index.h">
      <Filter>Header Files</Filter>
    </ClInclude>
    <ClInclude Include="H.h">
      <Filter>Header Files</Filter>
    </ClInclude>
    <ClInclude Include="Liti.h">
      <Filter>Header Files</Filter>
    </ClInclude>
    <ClInclude Include="Natri.h">
      <Filter>Header Files</Filter>
    </ClInclude>
    <ClInclude Include="Kali.h">
      <Filter>Header Files</Filter>
    </ClInclude>
    <ClInclude Include="Rb.h">
      <Filter>Header Files</Filter>
    </ClInclude>
    <ClInclude Include="CS.h">
      <Filter>Header Files</Filter>
    </ClInclude>
    <ClInclude Include="Fr.h">
      <Filter>Header Files</Filter>
    </ClInclude>
    <ClInclude Include="Be.h">
      <Filter>Header Files</Filter>
    </ClInclude>
    <ClInclude Include="Mg.h">
      <Filter>Header Files</Filter>
    </ClInclude>
    <ClInclude Include="Ca.h">
      <Filter>Header Files</Filter>
    </ClInclude>
    <ClInclude Include="Sr.h">
      <Filter>Header Files</Filter>
    </ClInclude>
    <ClInclude Include="Ba.h">
      <Filter>Header Files</Filter>
    </ClInclude>
    <ClInclude Include="Ra.h">
      <Filter>Header Files</Filter>
    </ClInclude>
    <ClInclude Include="Sc.h">
      <Filter>Header Files</Filter>
    </ClInclude>
    <ClInclude Include="Y.h">
      <Filter>Header Files</Filter>
    </ClInclude>
    <ClInclude Include="La.h">
      <Filter>Header Files</Filter>
    </ClInclude>
    <ClInclude Include="Ac.h">
      <Filter>Header Files</Filter>
    </ClInclude>
    <ClInclude Include="Ti.h">
      <Filter>Header Files</Filter>
    </ClInclude>
    <ClInclude Include="Zr.h">
      <Filter>Header Files</Filter>
    </ClInclude>
    <ClInclude Include="Hf.h">
      <Filter>Header Files</Filter>
    </ClInclude>
    <ClInclude Include="Rf.h">
      <Filter>Header Files</Filter>
    </ClInclude>
    <ClInclude Include="V.h">
      <Filter>Header Files</Filter>
    </ClInclude>
    <ClInclude Include="Nb.h">
      <Filter>Header Files</Filter>
    </ClInclude>
    <ClInclude Include="Ta.h">
      <Filter>Header Files</Filter>
    </ClInclude>
    <ClInclude Include="Db.h">
      <Filter>Header Files</Filter>
    </ClInclude>
    <ClInclude Include="Cr.h">
      <Filter>Header Files</Filter>
    </ClInclude>
    <ClInclude Include="Mo.h">
      <Filter>Header Files</Filter>
    </ClInclude>
    <ClInclude Include="W.h">
      <Filter>Header Files</Filter>
    </ClInclude>
    <ClInclude Include="Sg.h">
      <Filter>Header Files</Filter>
    </ClInclude>
    <ClInclude Include="Mn.h">
      <Filter>Header Files</Filter>
    </ClInclude>
    <ClInclude Include="Tc.h">
      <Filter>Header Files</Filter>
    </ClInclude>
    <ClInclude Include="Re.h">
      <Filter>Header Files</Filter>
    </ClInclude>
    <ClInclude Include="Bh.h">
      <Filter>Header Files</Filter>
    </ClInclude>
    <ClInclude Include="Fe.h">
      <Filter>Header Files</Filter>
    </ClInclude>
    <ClInclude Include="Ru.h">
      <Filter>Header Files</Filter>
    </ClInclude>
    <ClInclude Include="Os.h">
      <Filter>Header Files</Filter>
    </ClInclude>
    <ClInclude Include="Hs.h">
      <Filter>Header Files</Filter>
    </ClInclude>
    <ClInclude Include="Co.h">
      <Filter>Header Files</Filter>
    </ClInclude>
    <ClInclude Include="Rh.h">
      <Filter>Header Files</Filter>
    </ClInclude>
    <ClInclude Include="Ir.h">
      <Filter>Header Files</Filter>
    </ClInclude>
    <ClInclude Include="Mt.h">
      <Filter>Header Files</Filter>
    </ClInclude>
    <ClInclude Include="Ni.h">
      <Filter>Header Files</Filter>
    </ClInclude>
    <ClInclude Include="Pd.h">
      <Filter>Header Files</Filter>
    </ClInclude>
    <ClInclude Include="Pt.h">
      <Filter>Header Files</Filter>
    </ClInclude>
    <ClInclude Include="Ds.h">
      <Filter>Header Files</Filter>
    </ClInclude>
    <ClInclude Include="Cu.h">
      <Filter>Header Files</Filter>
    </ClInclude>
    <ClInclude Include="Ag.h">
      <Filter>Header Files</Filter>
    </ClInclude>
    <ClInclude Include="Au.h">
      <Filter>Header Files</Filter>
    </ClInclude>
    <ClInclude Include="Rg.h">
      <Filter>Header Files</Filter>
    </ClInclude>
    <ClInclude Include="Zn.h">
      <Filter>Header Files</Filter>
    </ClInclude>
    <ClInclude Include="Cd.h">
      <Filter>Header Files</Filter>
    </ClInclude>
    <ClInclude Include="Hg.h">
      <Filter>Header Files</Filter>
    </ClInclude>
    <ClInclude Include="Cn.h">
      <Filter>Header Files</Filter>
    </ClInclude>
    <ClInclude Include="B.h">
      <Filter>Header Files</Filter>
    </ClInclude>
    <ClInclude Include="Al.h">
      <Filter>Header Files</Filter>
    </ClInclude>
    <ClInclude Include="Ga.h">
      <Filter>Header Files</Filter>
    </ClInclude>
    <ClInclude Include="In.h">
      <Filter>Header Files</Filter>
    </ClInclude>
    <ClInclude Include="Nh.h">
      <Filter>Header Files</Filter>
    </ClInclude>
    <ClInclude Include="C.h">
      <Filter>Header Files</Filter>
    </ClInclude>
    <ClInclude Include="Si.h">
      <Filter>Header Files</Filter>
    </ClInclude>
    <ClInclude Include="Ge.h">
      <Filter>Header Files</Filter>
    </ClInclude>
    <ClInclude Include="Sn.h">
      <Filter>Header Files</Filter>
    </ClInclude>
    <ClInclude Include="Pb.h">
      <Filter>Header Files</Filter>
    </ClInclude>
    <ClInclude Include="Fl.h">
      <Filter>Header Files</Filter>
    </ClInclude>
    <ClInclude Include="N.h">
      <Filter>Header Files</Filter>
    </ClInclude>
    <ClInclude Include="P.h">
      <Filter>Header Files</Filter>
    </ClInclude>
    <ClInclude Include="As.h">
      <Filter>Header Files</Filter>
    </ClInclude>
    <ClInclude Include="Sb.h">
      <Filter>Header Files</Filter>
    </ClInclude>
    <ClInclude Include="Bi.h">
      <Filter>Header Files</Filter>
    </ClInclude>
    <ClInclude Include="Mc.h">
      <Filter>Header Files</Filter>
    </ClInclude>
    <ClInclude Include="O.h">
      <Filter>Header Files</Filter>
    </ClInclude>
    <ClInclude Include="S.h">
      <Filter>Header Files</Filter>
    </ClInclude>
    <ClInclude Include="Se.h">
      <Filter>Header Files</Filter>
    </ClInclude>
    <ClInclude Include="Te.h">
      <Filter>Header Files</Filter>
    </ClInclude>
    <ClInclude Include="Po.h">
      <Filter>Header Files</Filter>
    </ClInclude>
    <ClInclude Include="Lv.h">
      <Filter>Header Files</Filter>
    </ClInclude>
    <ClInclude Include="F.h">
      <Filter>Header Files</Filter>
    </ClInclude>
    <ClInclude Include="Cl.h">
      <Filter>Header Files</Filter>
    </ClInclude>
    <ClInclude Include="Br.h">
      <Filter>Header Files</Filter>
    </ClInclude>
    <ClInclude Include="I.h">
      <Filter>Header Files</Filter>
    </ClInclude>
    <ClInclude Include="At.h">
      <Filter>Header Files</Filter>
    </ClInclude>
    <ClInclude Include="Ts.h">
      <Filter>Header Files</Filter>
    </ClInclude>
    <ClInclude Include="He.h">
      <Filter>Header Files</Filter>
    </ClInclude>
    <ClInclude Include="Ne.h">
      <Filter>Header Files</Filter>
    </ClInclude>
    <ClInclude Include="Ar.h">
      <Filter>Header Files</Filter>
    </ClInclude>
    <ClInclude Include="Kr.h">
      <Filter>Header Files</Filter>
    </ClInclude>
    <ClInclude Include="Xe.h">
      <Filter>Header Files</Filter>
    </ClInclude>
    <ClInclude Include="Rn.h">
      <Filter>Header Files</Filter>
    </ClInclude>
    <ClInclude Include="Og.h">
      <Filter>Header Files</Filter>
    </ClInclude>
    <ClInclude Include="Ce.h">
      <Filter>Header Files</Filter>
    </ClInclude>
    <ClInclude Include="Pr.h">
      <Filter>Header Files</Filter>
    </ClInclude>
    <ClInclude Include="Nd.h">
      <Filter>Header Files</Filter>
    </ClInclude>
    <ClInclude Include="Pm.h">
      <Filter>Header Files</Filter>
    </ClInclude>
    <ClInclude Include="Sm.h">
      <Filter>Header Files</Filter>
    </ClInclude>
    <ClInclude Include="Eu.h">
      <Filter>Header Files</Filter>
    </ClInclude>
    <ClInclude Include="Gd.h">
      <Filter>Header Files</Filter>
    </ClInclude>
    <ClInclude Include="Tb.h">
      <Filter>Header Files</Filter>
    </ClInclude>
    <ClInclude Include="Dy.h">
      <Filter>Header Files</Filter>
    </ClInclude>
    <ClInclude Include="Ho.h">
      <Filter>Header Files</Filter>
    </ClInclude>
    <ClInclude Include="Er.h">
      <Filter>Header Files</Filter>
    </ClInclude>
    <ClInclude Include="Tm.h">
      <Filter>Header Files</Filter>
    </ClInclude>
    <ClInclude Include="Yb.h">
      <Filter>Header Files</Filter>
    </ClInclude>
    <ClInclude Include="Lu.h">
      <Filter>Header Files</Filter>
    </ClInclude>
    <ClInclude Include="Th.h">
      <Filter>Header Files</Filter>
    </ClInclude>
    <ClInclude Include="Pa.h">
      <Filter>Header Files</Filter>
    </ClInclude>
    <ClInclude Include="U.h">
      <Filter>Header Files</Filter>
    </ClInclude>
    <ClInclude Include="Np.h">
      <Filter>Header Files</Filter>
    </ClInclude>
    <ClInclude Include="Pu.h">
      <Filter>Header Files</Filter>
    </ClInclude>
    <ClInclude Include="Am.h">
      <Filter>Header Files</Filter>
    </ClInclude>
    <ClInclude Include="Cm.h">
      <Filter>Header Files</Filter>
    </ClInclude>
    <ClInclude Include="Bk.h">
      <Filter>Header Files</Filter>
    </ClInclude>
    <ClInclude Include="Cf.h">
      <Filter>Header Files</Filter>
    </ClInclude>
    <ClInclude Include="Es.h">
      <Filter>Header Files</Filter>
    </ClInclude>
    <ClInclude Include="Fm.h">
      <Filter>Header Files</Filter>
    </ClInclude>
    <ClInclude Include="Md.h">
      <Filter>Header Files</Filter>
    </ClInclude>
    <ClInclude Include="No.h">
      <Filter>Header Files</Filter>
    </ClInclude>
    <ClInclude Include="Lr.h">
      <Filter>Header Files</Filter>
    </ClInclude>
    <ClInclude Include="Tl.h">
      <Filter>Header Files</Filter>
    </ClInclude>
  </ItemGroup>
</Project>